
Microsoft Visual Studio Solution File, Format Version 12.00
# Visual Studio Version 16
VisualStudioVersion = 16.0.30523.141
MinimumVisualStudioVersion = 10.0.40219.1
Project("{FAE04EC0-301F-11D3-BF4B-00C04F79EFBC}") = "Solution.Autentica.Autoriza.Def.API", "Solution.Autentica.Autoriza.Def.API\Solution.Autentica.Autoriza.Def.API.csproj", "{7CC6DD2A-8AAF-478B-B2C3-482EE07D5A15}"
EndProject
Global
	GlobalSection(SolutionConfigurationPlatforms) = preSolution
		Debug|Any CPU = Debug|Any CPU
		Release|Any CPU = Release|Any CPU
	EndGlobalSection
	GlobalSection(ProjectConfigurationPlatforms) = postSolution
		{7CC6DD2A-8AAF-478B-B2C3-482EE07D5A15}.Debug|Any CPU.ActiveCfg = Debug|Any CPU
		{7CC6DD2A-8AAF-478B-B2C3-482EE07D5A15}.Debug|Any CPU.Build.0 = Debug|Any CPU
		{7CC6DD2A-8AAF-478B-B2C3-482EE07D5A15}.Release|Any CPU.ActiveCfg = Release|Any CPU
		{7CC6DD2A-8AAF-478B-B2C3-482EE07D5A15}.Release|Any CPU.Build.0 = Release|Any CPU
	EndGlobalSection
	GlobalSection(SolutionProperties) = preSolution
		HideSolutionNode = FALSE
	EndGlobalSection
	GlobalSection(ExtensibilityGlobals) = postSolution
		SolutionGuid = {055895D8-FA3B-443C-A572-2EDE938E2D80}
	EndGlobalSection
EndGlobal
